
Microsoft Visual Studio Solution File, Format Version 12.00
# Visual Studio Version 16
VisualStudioVersion = 16.0.29215.179
MinimumVisualStudioVersion = 10.0.40219.1
Project("{FAE04EC0-301F-11D3-BF4B-00C04F79EFBC}") = "TrueCoders", "TrueCoders\TrueCoders.csproj", "{B8823EFF-221C-46FA-B086-9B7821E3925F}"
EndProject
Global
	GlobalSection(SolutionConfigurationPlatforms) = preSolution
		Debug|Any CPU = Debug|Any CPU
		Release|Any CPU = Release|Any CPU
	EndGlobalSection
	GlobalSection(ProjectConfigurationPlatforms) = postSolution
		{B8823EFF-221C-46FA-B086-9B7821E3925F}.Debug|Any CPU.ActiveCfg = Debug|Any CPU
		{B8823EFF-221C-46FA-B086-9B7821E3925F}.Debug|Any CPU.Build.0 = Debug|Any CPU
		{B8823EFF-221C-46FA-B086-9B7821E3925F}.Release|Any CPU.ActiveCfg = Release|Any CPU
		{B8823EFF-221C-46FA-B086-9B7821E3925F}.Release|Any CPU.Build.0 = Release|Any CPU
	EndGlobalSection
	GlobalSection(SolutionProperties) = preSolution
		HideSolutionNode = FALSE
	EndGlobalSection
	GlobalSection(ExtensibilityGlobals) = postSolution
		SolutionGuid = {1F14D6D3-B7D1-4E5E-B118-A8C5241948BF}
	EndGlobalSection
EndGlobal
